// !$*UTF8*$!
{
	archiveVersion = 1;
	classes = {
	};
	objectVersion = 55;
	objects = {

/* Begin PBXBuildFile section */
		5F0474A22705C05E00BFB805 /* ReversiiApp.swift in Sources */ = {isa = PBXBuildFile; fileRef = 5F0474A12705C05E00BFB805 /* ReversiiApp.swift */; };
		5F0474A62705C05E00BFB805 /* Assets.xcassets in Resources */ = {isa = PBXBuildFile; fileRef = 5F0474A52705C05E00BFB805 /* Assets.xcassets */; };
		5F0474A92705C05E00BFB805 /* Preview Assets.xcassets in Resources */ = {isa = PBXBuildFile; fileRef = 5F0474A82705C05E00BFB805 /* Preview Assets.xcassets */; };
		5F0474B32705C05E00BFB805 /* ReversiiTests.swift in Sources */ = {isa = PBXBuildFile; fileRef = 5F0474B22705C05E00BFB805 /* ReversiiTests.swift */; };
		5F0474BD2705C05E00BFB805 /* ReversiiUITests.swift in Sources */ = {isa = PBXBuildFile; fileRef = 5F0474BC2705C05E00BFB805 /* ReversiiUITests.swift */; };
		5F0474BF2705C05E00BFB805 /* ReversiiUITestsLaunchTests.swift in Sources */ = {isa = PBXBuildFile; fileRef = 5F0474BE2705C05E00BFB805 /* ReversiiUITestsLaunchTests.swift */; };
		5F591ADC270C04370086497D /* MainView.swift in Sources */ = {isa = PBXBuildFile; fileRef = 5F591ADB270C04370086497D /* MainView.swift */; };
		5F61EDFE2715B1DB00AABF2E /* Cord.swift in Sources */ = {isa = PBXBuildFile; fileRef = 5F61EDFD2715B1DB00AABF2E /* Cord.swift */; };
		5F61EE042715C14C00AABF2E /* Move.swift in Sources */ = {isa = PBXBuildFile; fileRef = 5F61EE032715C14C00AABF2E /* Move.swift */; };
		5F7E1E6A2715916A00E9F7A8 /* ScoreView.swift in Sources */ = {isa = PBXBuildFile; fileRef = 5F7E1E692715916A00E9F7A8 /* ScoreView.swift */; };
		5F7E1E6C27159F4800E9F7A8 /* GameCollection.swift in Sources */ = {isa = PBXBuildFile; fileRef = 5F7E1E6B27159F4800E9F7A8 /* GameCollection.swift */; };
		5F7E1E6E2715A24000E9F7A8 /* GameView.swift in Sources */ = {isa = PBXBuildFile; fileRef = 5F7E1E6D2715A24000E9F7A8 /* GameView.swift */; };
		5F8164752706F69500C100DD /* UserModel.swift in Sources */ = {isa = PBXBuildFile; fileRef = 5F8164742706F69500C100DD /* UserModel.swift */; };
		5FD2C46427112A6800CE9454 /* IdentityModel.swift in Sources */ = {isa = PBXBuildFile; fileRef = 5FD2C46327112A6800CE9454 /* IdentityModel.swift */; };
		5FD2C4682711B0A700CE9454 /* PieceView.swift in Sources */ = {isa = PBXBuildFile; fileRef = 5FD2C4672711B0A700CE9454 /* PieceView.swift */; };
		5FD2C46B2711C64C00CE9454 /* Pieces.swift in Sources */ = {isa = PBXBuildFile; fileRef = 5FD2C46A2711C64C00CE9454 /* Pieces.swift */; };
		5FD2C46D2711D7DE00CE9454 /* BoardView.swift in Sources */ = {isa = PBXBuildFile; fileRef = 5FD2C46C2711D7DE00CE9454 /* BoardView.swift */; };
		5FD2C46F2711D80300CE9454 /* GameState.swift in Sources */ = {isa = PBXBuildFile; fileRef = 5FD2C46E2711D80300CE9454 /* GameState.swift */; };
		5FD2C4712711DCCF00CE9454 /* Position.swift in Sources */ = {isa = PBXBuildFile; fileRef = 5FD2C4702711DCCF00CE9454 /* Position.swift */; };
		5FD2C4742711EB7000CE9454 /* PositionTests.swift in Sources */ = {isa = PBXBuildFile; fileRef = 5FD2C4732711EB7000CE9454 /* PositionTests.swift */; };
		5FFE0331271C42320046AD58 /* GameKit.framework in Frameworks */ = {isa = PBXBuildFile; fileRef = 5FFE0330271C42320046AD58 /* GameKit.framework */; };
		5FFE0335271C488A0046AD58 /* GameManagerView.swift in Sources */ = {isa = PBXBuildFile; fileRef = 5FFE0334271C488A0046AD58 /* GameManagerView.swift */; };
/* End PBXBuildFile section */

/* Begin PBXContainerItemProxy section */
		5F0474AF2705C05E00BFB805 /* PBXContainerItemProxy */ = {
			isa = PBXContainerItemProxy;
			containerPortal = 5F0474962705C05E00BFB805 /* Project object */;
			proxyType = 1;
			remoteGlobalIDString = 5F04749D2705C05E00BFB805;
			remoteInfo = Reversii;
		};
		5F0474B92705C05E00BFB805 /* PBXContainerItemProxy */ = {
			isa = PBXContainerItemProxy;
			containerPortal = 5F0474962705C05E00BFB805 /* Project object */;
			proxyType = 1;
			remoteGlobalIDString = 5F04749D2705C05E00BFB805;
			remoteInfo = Reversii;
		};
/* End PBXContainerItemProxy section */

/* Begin PBXFileReference section */
		5F04749E2705C05E00BFB805 /* Reversii.app */ = {isa = PBXFileReference; explicitFileType = wrapper.application; includeInIndex = 0; path = Reversii.app; sourceTree = BUILT_PRODUCTS_DIR; };
		5F0474A12705C05E00BFB805 /* ReversiiApp.swift */ = {isa = PBXFileReference; lastKnownFileType = sourcecode.swift; path = ReversiiApp.swift; sourceTree = "<group>"; };
		5F0474A52705C05E00BFB805 /* Assets.xcassets */ = {isa = PBXFileReference; lastKnownFileType = folder.assetcatalog; path = Assets.xcassets; sourceTree = "<group>"; };
		5F0474A82705C05E00BFB805 /* Preview Assets.xcassets */ = {isa = PBXFileReference; lastKnownFileType = folder.assetcatalog; path = "Preview Assets.xcassets"; sourceTree = "<group>"; };
		5F0474AE2705C05E00BFB805 /* ReversiiTests.xctest */ = {isa = PBXFileReference; explicitFileType = wrapper.cfbundle; includeInIndex = 0; path = ReversiiTests.xctest; sourceTree = BUILT_PRODUCTS_DIR; };
		5F0474B22705C05E00BFB805 /* ReversiiTests.swift */ = {isa = PBXFileReference; lastKnownFileType = sourcecode.swift; path = ReversiiTests.swift; sourceTree = "<group>"; };
		5F0474B82705C05E00BFB805 /* ReversiiUITests.xctest */ = {isa = PBXFileReference; explicitFileType = wrapper.cfbundle; includeInIndex = 0; path = ReversiiUITests.xctest; sourceTree = BUILT_PRODUCTS_DIR; };
		5F0474BC2705C05E00BFB805 /* ReversiiUITests.swift */ = {isa = PBXFileReference; lastKnownFileType = sourcecode.swift; path = ReversiiUITests.swift; sourceTree = "<group>"; };
		5F0474BE2705C05E00BFB805 /* ReversiiUITestsLaunchTests.swift */ = {isa = PBXFileReference; lastKnownFileType = sourcecode.swift; path = ReversiiUITestsLaunchTests.swift; sourceTree = "<group>"; };
		5F591ADB270C04370086497D /* MainView.swift */ = {isa = PBXFileReference; lastKnownFileType = sourcecode.swift; path = MainView.swift; sourceTree = "<group>"; };
		5F61EDFD2715B1DB00AABF2E /* Cord.swift */ = {isa = PBXFileReference; lastKnownFileType = sourcecode.swift; path = Cord.swift; sourceTree = "<group>"; };
		5F61EE032715C14C00AABF2E /* Move.swift */ = {isa = PBXFileReference; lastKnownFileType = sourcecode.swift; path = Move.swift; sourceTree = "<group>"; };
		5F7E1E692715916A00E9F7A8 /* ScoreView.swift */ = {isa = PBXFileReference; lastKnownFileType = sourcecode.swift; path = ScoreView.swift; sourceTree = "<group>"; };
		5F7E1E6B27159F4800E9F7A8 /* GameCollection.swift */ = {isa = PBXFileReference; lastKnownFileType = sourcecode.swift; path = GameCollection.swift; sourceTree = "<group>"; };
		5F7E1E6D2715A24000E9F7A8 /* GameView.swift */ = {isa = PBXFileReference; lastKnownFileType = sourcecode.swift; path = GameView.swift; sourceTree = "<group>"; };
		5F81646C2706EE9A00C100DD /* Reversii.entitlements */ = {isa = PBXFileReference; lastKnownFileType = text.plist.entitlements; path = Reversii.entitlements; sourceTree = "<group>"; };
		5F8164742706F69500C100DD /* UserModel.swift */ = {isa = PBXFileReference; lastKnownFileType = sourcecode.swift; path = UserModel.swift; sourceTree = "<group>"; };
		5FD2C46327112A6800CE9454 /* IdentityModel.swift */ = {isa = PBXFileReference; lastKnownFileType = sourcecode.swift; path = IdentityModel.swift; sourceTree = "<group>"; };
		5FD2C4672711B0A700CE9454 /* PieceView.swift */ = {isa = PBXFileReference; lastKnownFileType = sourcecode.swift; path = PieceView.swift; sourceTree = "<group>"; };
		5FD2C46A2711C64C00CE9454 /* Pieces.swift */ = {isa = PBXFileReference; lastKnownFileType = sourcecode.swift; path = Pieces.swift; sourceTree = "<group>"; };
		5FD2C46C2711D7DE00CE9454 /* BoardView.swift */ = {isa = PBXFileReference; lastKnownFileType = sourcecode.swift; path = BoardView.swift; sourceTree = "<group>"; };
		5FD2C46E2711D80300CE9454 /* GameState.swift */ = {isa = PBXFileReference; lastKnownFileType = sourcecode.swift; path = GameState.swift; sourceTree = "<group>"; };
		5FD2C4702711DCCF00CE9454 /* Position.swift */ = {isa = PBXFileReference; lastKnownFileType = sourcecode.swift; path = Position.swift; sourceTree = "<group>"; };
		5FD2C4732711EB7000CE9454 /* PositionTests.swift */ = {isa = PBXFileReference; lastKnownFileType = sourcecode.swift; path = PositionTests.swift; sourceTree = "<group>"; };
		5FFE0330271C42320046AD58 /* GameKit.framework */ = {isa = PBXFileReference; lastKnownFileType = wrapper.framework; name = GameKit.framework; path = System/Library/Frameworks/GameKit.framework; sourceTree = SDKROOT; };
		5FFE0334271C488A0046AD58 /* GameManagerView.swift */ = {isa = PBXFileReference; lastKnownFileType = sourcecode.swift; path = GameManagerView.swift; sourceTree = "<group>"; };
/* End PBXFileReference section */

/* Begin PBXFrameworksBuildPhase section */
		5F04749B2705C05E00BFB805 /* Frameworks */ = {
			isa = PBXFrameworksBuildPhase;
			buildActionMask = 2147483647;
			files = (
				5FFE0331271C42320046AD58 /* GameKit.framework in Frameworks */,
			);
			runOnlyForDeploymentPostprocessing = 0;
		};
		5F0474AB2705C05E00BFB805 /* Frameworks */ = {
			isa = PBXFrameworksBuildPhase;
			buildActionMask = 2147483647;
			files = (
			);
			runOnlyForDeploymentPostprocessing = 0;
		};
		5F0474B52705C05E00BFB805 /* Frameworks */ = {
			isa = PBXFrameworksBuildPhase;
			buildActionMask = 2147483647;
			files = (
			);
			runOnlyForDeploymentPostprocessing = 0;
		};
/* End PBXFrameworksBuildPhase section */

/* Begin PBXGroup section */
		5F0474952705C05E00BFB805 = {
			isa = PBXGroup;
			children = (
				5F0474A02705C05E00BFB805 /* Reversii */,
				5F0474B12705C05E00BFB805 /* ReversiiTests */,
				5F0474BB2705C05E00BFB805 /* ReversiiUITests */,
				5F04749F2705C05E00BFB805 /* Products */,
				5FFE032F271C42320046AD58 /* Frameworks */,
			);
			sourceTree = "<group>";
		};
		5F04749F2705C05E00BFB805 /* Products */ = {
			isa = PBXGroup;
			children = (
				5F04749E2705C05E00BFB805 /* Reversii.app */,
				5F0474AE2705C05E00BFB805 /* ReversiiTests.xctest */,
				5F0474B82705C05E00BFB805 /* ReversiiUITests.xctest */,
			);
			name = Products;
			sourceTree = "<group>";
		};
		5F0474A02705C05E00BFB805 /* Reversii */ = {
			isa = PBXGroup;
			children = (
				5FD2C4692711C63C00CE9454 /* Game */,
				5F8164732706F68900C100DD /* Models */,
				5F81646D2706F12300C100DD /* Views */,
				5F81646C2706EE9A00C100DD /* Reversii.entitlements */,
				5F0474A12705C05E00BFB805 /* ReversiiApp.swift */,
				5F0474A52705C05E00BFB805 /* Assets.xcassets */,
				5F0474A72705C05E00BFB805 /* Preview Content */,
			);
			path = Reversii;
			sourceTree = "<group>";
		};
		5F0474A72705C05E00BFB805 /* Preview Content */ = {
			isa = PBXGroup;
			children = (
				5F0474A82705C05E00BFB805 /* Preview Assets.xcassets */,
			);
			path = "Preview Content";
			sourceTree = "<group>";
		};
		5F0474B12705C05E00BFB805 /* ReversiiTests */ = {
			isa = PBXGroup;
			children = (
				5FD2C4722711EB5600CE9454 /* Game */,
				5F0474B22705C05E00BFB805 /* ReversiiTests.swift */,
			);
			path = ReversiiTests;
			sourceTree = "<group>";
		};
		5F0474BB2705C05E00BFB805 /* ReversiiUITests */ = {
			isa = PBXGroup;
			children = (
				5F0474BC2705C05E00BFB805 /* ReversiiUITests.swift */,
				5F0474BE2705C05E00BFB805 /* ReversiiUITestsLaunchTests.swift */,
			);
			path = ReversiiUITests;
			sourceTree = "<group>";
		};
		5F81646D2706F12300C100DD /* Views */ = {
			isa = PBXGroup;
			children = (
				5FFE0334271C488A0046AD58 /* GameManagerView.swift */,
				5FD2C46C2711D7DE00CE9454 /* BoardView.swift */,
				5F591ADB270C04370086497D /* MainView.swift */,
				5FD2C4672711B0A700CE9454 /* PieceView.swift */,
				5F7E1E692715916A00E9F7A8 /* ScoreView.swift */,
				5F7E1E6D2715A24000E9F7A8 /* GameView.swift */,
			);
			path = Views;
			sourceTree = "<group>";
		};
		5F8164732706F68900C100DD /* Models */ = {
			isa = PBXGroup;
			children = (
				5F8164742706F69500C100DD /* UserModel.swift */,
				5FD2C46327112A6800CE9454 /* IdentityModel.swift */,
			);
			path = Models;
			sourceTree = "<group>";
		};
		5FD2C4692711C63C00CE9454 /* Game */ = {
			isa = PBXGroup;
			children = (
				5FD2C46A2711C64C00CE9454 /* Pieces.swift */,
				5FD2C46E2711D80300CE9454 /* GameState.swift */,
				5FD2C4702711DCCF00CE9454 /* Position.swift */,
				5F7E1E6B27159F4800E9F7A8 /* GameCollection.swift */,
				5F61EDFD2715B1DB00AABF2E /* Cord.swift */,
				5F61EE032715C14C00AABF2E /* Move.swift */,
			);
			path = Game;
			sourceTree = "<group>";
		};
		5FD2C4722711EB5600CE9454 /* Game */ = {
			isa = PBXGroup;
			children = (
				5FD2C4732711EB7000CE9454 /* PositionTests.swift */,
			);
			path = Game;
			sourceTree = "<group>";
		};
		5FFE032F271C42320046AD58 /* Frameworks */ = {
			isa = PBXGroup;
			children = (
				5FFE0330271C42320046AD58 /* GameKit.framework */,
			);
			name = Frameworks;
			sourceTree = "<group>";
		};
/* End PBXGroup section */

/* Begin PBXNativeTarget section */
		5F04749D2705C05E00BFB805 /* Reversii */ = {
			isa = PBXNativeTarget;
			buildConfigurationList = 5F0474C22705C05E00BFB805 /* Build configuration list for PBXNativeTarget "Reversii" */;
			buildPhases = (
				5F04749A2705C05E00BFB805 /* Sources */,
				5F04749B2705C05E00BFB805 /* Frameworks */,
				5F04749C2705C05E00BFB805 /* Resources */,
			);
			buildRules = (
			);
			dependencies = (
			);
			name = Reversii;
			productName = Reversii;
			productReference = 5F04749E2705C05E00BFB805 /* Reversii.app */;
			productType = "com.apple.product-type.application";
		};
		5F0474AD2705C05E00BFB805 /* ReversiiTests */ = {
			isa = PBXNativeTarget;
			buildConfigurationList = 5F0474C52705C05E00BFB805 /* Build configuration list for PBXNativeTarget "ReversiiTests" */;
			buildPhases = (
				5F0474AA2705C05E00BFB805 /* Sources */,
				5F0474AB2705C05E00BFB805 /* Frameworks */,
				5F0474AC2705C05E00BFB805 /* Resources */,
			);
			buildRules = (
			);
			dependencies = (
				5F0474B02705C05E00BFB805 /* PBXTargetDependency */,
			);
			name = ReversiiTests;
			productName = ReversiiTests;
			productReference = 5F0474AE2705C05E00BFB805 /* ReversiiTests.xctest */;
			productType = "com.apple.product-type.bundle.unit-test";
		};
		5F0474B72705C05E00BFB805 /* ReversiiUITests */ = {
			isa = PBXNativeTarget;
			buildConfigurationList = 5F0474C82705C05E00BFB805 /* Build configuration list for PBXNativeTarget "ReversiiUITests" */;
			buildPhases = (
				5F0474B42705C05E00BFB805 /* Sources */,
				5F0474B52705C05E00BFB805 /* Frameworks */,
				5F0474B62705C05E00BFB805 /* Resources */,
			);
			buildRules = (
			);
			dependencies = (
				5F0474BA2705C05E00BFB805 /* PBXTargetDependency */,
			);
			name = ReversiiUITests;
			productName = ReversiiUITests;
			productReference = 5F0474B82705C05E00BFB805 /* ReversiiUITests.xctest */;
			productType = "com.apple.product-type.bundle.ui-testing";
		};
/* End PBXNativeTarget section */

/* Begin PBXProject section */
		5F0474962705C05E00BFB805 /* Project object */ = {
			isa = PBXProject;
			attributes = {
				BuildIndependentTargetsInParallel = 1;
				LastSwiftUpdateCheck = 1300;
				LastUpgradeCheck = 1300;
				TargetAttributes = {
					5F04749D2705C05E00BFB805 = {
						CreatedOnToolsVersion = 13.0;
					};
					5F0474AD2705C05E00BFB805 = {
						CreatedOnToolsVersion = 13.0;
						TestTargetID = 5F04749D2705C05E00BFB805;
					};
					5F0474B72705C05E00BFB805 = {
						CreatedOnToolsVersion = 13.0;
						TestTargetID = 5F04749D2705C05E00BFB805;
					};
				};
			};
			buildConfigurationList = 5F0474992705C05E00BFB805 /* Build configuration list for PBXProject "Reversii" */;
			compatibilityVersion = "Xcode 13.0";
			developmentRegion = en;
			hasScannedForEncodings = 0;
			knownRegions = (
				en,
				Base,
			);
			mainGroup = 5F0474952705C05E00BFB805;
			productRefGroup = 5F04749F2705C05E00BFB805 /* Products */;
			projectDirPath = "";
			projectRoot = "";
			targets = (
				5F04749D2705C05E00BFB805 /* Reversii */,
				5F0474AD2705C05E00BFB805 /* ReversiiTests */,
				5F0474B72705C05E00BFB805 /* ReversiiUITests */,
			);
		};
/* End PBXProject section */

/* Begin PBXResourcesBuildPhase section */
		5F04749C2705C05E00BFB805 /* Resources */ = {
			isa = PBXResourcesBuildPhase;
			buildActionMask = 2147483647;
			files = (
				5F0474A92705C05E00BFB805 /* Preview Assets.xcassets in Resources */,
				5F0474A62705C05E00BFB805 /* Assets.xcassets in Resources */,
			);
			runOnlyForDeploymentPostprocessing = 0;
		};
		5F0474AC2705C05E00BFB805 /* Resources */ = {
			isa = PBXResourcesBuildPhase;
			buildActionMask = 2147483647;
			files = (
			);
			runOnlyForDeploymentPostprocessing = 0;
		};
		5F0474B62705C05E00BFB805 /* Resources */ = {
			isa = PBXResourcesBuildPhase;
			buildActionMask = 2147483647;
			files = (
			);
			runOnlyForDeploymentPostprocessing = 0;
		};
/* End PBXResourcesBuildPhase section */

/* Begin PBXSourcesBuildPhase section */
		5F04749A2705C05E00BFB805 /* Sources */ = {
			isa = PBXSourcesBuildPhase;
			buildActionMask = 2147483647;
			files = (
				5F61EE042715C14C00AABF2E /* Move.swift in Sources */,
				5FD2C4712711DCCF00CE9454 /* Position.swift in Sources */,
				5F8164752706F69500C100DD /* UserModel.swift in Sources */,
				5F591ADC270C04370086497D /* MainView.swift in Sources */,
				5FD2C4682711B0A700CE9454 /* PieceView.swift in Sources */,
				5FD2C46427112A6800CE9454 /* IdentityModel.swift in Sources */,
				5FD2C46D2711D7DE00CE9454 /* BoardView.swift in Sources */,
				5FFE0335271C488A0046AD58 /* GameManagerView.swift in Sources */,
				5F7E1E6C27159F4800E9F7A8 /* GameCollection.swift in Sources */,
				5F7E1E6A2715916A00E9F7A8 /* ScoreView.swift in Sources */,
				5FD2C46F2711D80300CE9454 /* GameState.swift in Sources */,
				5FD2C46B2711C64C00CE9454 /* Pieces.swift in Sources */,
				5F7E1E6E2715A24000E9F7A8 /* GameView.swift in Sources */,
				5F0474A22705C05E00BFB805 /* ReversiiApp.swift in Sources */,
				5F61EDFE2715B1DB00AABF2E /* Cord.swift in Sources */,
			);
			runOnlyForDeploymentPostprocessing = 0;
		};
		5F0474AA2705C05E00BFB805 /* Sources */ = {
			isa = PBXSourcesBuildPhase;
			buildActionMask = 2147483647;
			files = (
				5FD2C4742711EB7000CE9454 /* PositionTests.swift in Sources */,
				5F0474B32705C05E00BFB805 /* ReversiiTests.swift in Sources */,
			);
			runOnlyForDeploymentPostprocessing = 0;
		};
		5F0474B42705C05E00BFB805 /* Sources */ = {
			isa = PBXSourcesBuildPhase;
			buildActionMask = 2147483647;
			files = (
				5F0474BF2705C05E00BFB805 /* ReversiiUITestsLaunchTests.swift in Sources */,
				5F0474BD2705C05E00BFB805 /* ReversiiUITests.swift in Sources */,
			);
			runOnlyForDeploymentPostprocessing = 0;
		};
/* End PBXSourcesBuildPhase section */

/* Begin PBXTargetDependency section */
		5F0474B02705C05E00BFB805 /* PBXTargetDependency */ = {
			isa = PBXTargetDependency;
			target = 5F04749D2705C05E00BFB805 /* Reversii */;
			targetProxy = 5F0474AF2705C05E00BFB805 /* PBXContainerItemProxy */;
		};
		5F0474BA2705C05E00BFB805 /* PBXTargetDependency */ = {
			isa = PBXTargetDependency;
			target = 5F04749D2705C05E00BFB805 /* Reversii */;
			targetProxy = 5F0474B92705C05E00BFB805 /* PBXContainerItemProxy */;
		};
/* End PBXTargetDependency section */

/* Begin XCBuildConfiguration section */
		5F0474C02705C05E00BFB805 /* Debug */ = {
			isa = XCBuildConfiguration;
			buildSettings = {
				ALWAYS_SEARCH_USER_PATHS = NO;
				CLANG_ANALYZER_NONNULL = YES;
				CLANG_ANALYZER_NUMBER_OBJECT_CONVERSION = YES_AGGRESSIVE;
				CLANG_CXX_LANGUAGE_STANDARD = "gnu++17";
				CLANG_CXX_LIBRARY = "libc++";
				CLANG_ENABLE_MODULES = YES;
				CLANG_ENABLE_OBJC_ARC = YES;
				CLANG_ENABLE_OBJC_WEAK = YES;
				CLANG_WARN_BLOCK_CAPTURE_AUTORELEASING = YES;
				CLANG_WARN_BOOL_CONVERSION = YES;
				CLANG_WARN_COMMA = YES;
				CLANG_WARN_CONSTANT_CONVERSION = YES;
				CLANG_WARN_DEPRECATED_OBJC_IMPLEMENTATIONS = YES;
				CLANG_WARN_DIRECT_OBJC_ISA_USAGE = YES_ERROR;
				CLANG_WARN_DOCUMENTATION_COMMENTS = YES;
				CLANG_WARN_EMPTY_BODY = YES;
				CLANG_WARN_ENUM_CONVERSION = YES;
				CLANG_WARN_INFINITE_RECURSION = YES;
				CLANG_WARN_INT_CONVERSION = YES;
				CLANG_WARN_NON_LITERAL_NULL_CONVERSION = YES;
				CLANG_WARN_OBJC_IMPLICIT_RETAIN_SELF = YES;
				CLANG_WARN_OBJC_LITERAL_CONVERSION = YES;
				CLANG_WARN_OBJC_ROOT_CLASS = YES_ERROR;
				CLANG_WARN_QUOTED_INCLUDE_IN_FRAMEWORK_HEADER = YES;
				CLANG_WARN_RANGE_LOOP_ANALYSIS = YES;
				CLANG_WARN_STRICT_PROTOTYPES = YES;
				CLANG_WARN_SUSPICIOUS_MOVE = YES;
				CLANG_WARN_UNGUARDED_AVAILABILITY = YES_AGGRESSIVE;
				CLANG_WARN_UNREACHABLE_CODE = YES;
				CLANG_WARN__DUPLICATE_METHOD_MATCH = YES;
				COPY_PHASE_STRIP = NO;
				DEBUG_INFORMATION_FORMAT = dwarf;
				ENABLE_STRICT_OBJC_MSGSEND = YES;
				ENABLE_TESTABILITY = YES;
				GCC_C_LANGUAGE_STANDARD = gnu11;
				GCC_DYNAMIC_NO_PIC = NO;
				GCC_NO_COMMON_BLOCKS = YES;
				GCC_OPTIMIZATION_LEVEL = 0;
				GCC_PREPROCESSOR_DEFINITIONS = (
					"DEBUG=1",
					"$(inherited)",
				);
				GCC_WARN_64_TO_32_BIT_CONVERSION = YES;
				GCC_WARN_ABOUT_RETURN_TYPE = YES_ERROR;
				GCC_WARN_UNDECLARED_SELECTOR = YES;
				GCC_WARN_UNINITIALIZED_AUTOS = YES_AGGRESSIVE;
				GCC_WARN_UNUSED_FUNCTION = YES;
				GCC_WARN_UNUSED_VARIABLE = YES;
				IPHONEOS_DEPLOYMENT_TARGET = 15.0;
				MTL_ENABLE_DEBUG_INFO = INCLUDE_SOURCE;
				MTL_FAST_MATH = YES;
				ONLY_ACTIVE_ARCH = YES;
				SDKROOT = iphoneos;
				SWIFT_ACTIVE_COMPILATION_CONDITIONS = DEBUG;
				SWIFT_OPTIMIZATION_LEVEL = "-Onone";
			};
			name = Debug;
		};
		5F0474C12705C05E00BFB805 /* Release */ = {
			isa = XCBuildConfiguration;
			buildSettings = {
				ALWAYS_SEARCH_USER_PATHS = NO;
				CLANG_ANALYZER_NONNULL = YES;
				CLANG_ANALYZER_NUMBER_OBJECT_CONVERSION = YES_AGGRESSIVE;
				CLANG_CXX_LANGUAGE_STANDARD = "gnu++17";
				CLANG_CXX_LIBRARY = "libc++";
				CLANG_ENABLE_MODULES = YES;
				CLANG_ENABLE_OBJC_ARC = YES;
				CLANG_ENABLE_OBJC_WEAK = YES;
				CLANG_WARN_BLOCK_CAPTURE_AUTORELEASING = YES;
				CLANG_WARN_BOOL_CONVERSION = YES;
				CLANG_WARN_COMMA = YES;
				CLANG_WARN_CONSTANT_CONVERSION = YES;
				CLANG_WARN_DEPRECATED_OBJC_IMPLEMENTATIONS = YES;
				CLANG_WARN_DIRECT_OBJC_ISA_USAGE = YES_ERROR;
				CLANG_WARN_DOCUMENTATION_COMMENTS = YES;
				CLANG_WARN_EMPTY_BODY = YES;
				CLANG_WARN_ENUM_CONVERSION = YES;
				CLANG_WARN_INFINITE_RECURSION = YES;
				CLANG_WARN_INT_CONVERSION = YES;
				CLANG_WARN_NON_LITERAL_NULL_CONVERSION = YES;
				CLANG_WARN_OBJC_IMPLICIT_RETAIN_SELF = YES;
				CLANG_WARN_OBJC_LITERAL_CONVERSION = YES;
				CLANG_WARN_OBJC_ROOT_CLASS = YES_ERROR;
				CLANG_WARN_QUOTED_INCLUDE_IN_FRAMEWORK_HEADER = YES;
				CLANG_WARN_RANGE_LOOP_ANALYSIS = YES;
				CLANG_WARN_STRICT_PROTOTYPES = YES;
				CLANG_WARN_SUSPICIOUS_MOVE = YES;
				CLANG_WARN_UNGUARDED_AVAILABILITY = YES_AGGRESSIVE;
				CLANG_WARN_UNREACHABLE_CODE = YES;
				CLANG_WARN__DUPLICATE_METHOD_MATCH = YES;
				COPY_PHASE_STRIP = NO;
				DEBUG_INFORMATION_FORMAT = "dwarf-with-dsym";
				ENABLE_NS_ASSERTIONS = NO;
				ENABLE_STRICT_OBJC_MSGSEND = YES;
				GCC_C_LANGUAGE_STANDARD = gnu11;
				GCC_NO_COMMON_BLOCKS = YES;
				GCC_WARN_64_TO_32_BIT_CONVERSION = YES;
				GCC_WARN_ABOUT_RETURN_TYPE = YES_ERROR;
				GCC_WARN_UNDECLARED_SELECTOR = YES;
				GCC_WARN_UNINITIALIZED_AUTOS = YES_AGGRESSIVE;
				GCC_WARN_UNUSED_FUNCTION = YES;
				GCC_WARN_UNUSED_VARIABLE = YES;
				IPHONEOS_DEPLOYMENT_TARGET = 15.0;
				MTL_ENABLE_DEBUG_INFO = NO;
				MTL_FAST_MATH = YES;
				SDKROOT = iphoneos;
				SWIFT_COMPILATION_MODE = wholemodule;
				SWIFT_OPTIMIZATION_LEVEL = "-O";
				VALIDATE_PRODUCT = YES;
			};
			name = Release;
		};
		5F0474C32705C05E00BFB805 /* Debug */ = {
			isa = XCBuildConfiguration;
			buildSettings = {
				ASSETCATALOG_COMPILER_APPICON_NAME = AppIcon;
				ASSETCATALOG_COMPILER_GLOBAL_ACCENT_COLOR_NAME = AccentColor;
				ASSETCATALOG_COMPILER_INCLUDE_ALL_APPICON_ASSETS = YES;
				CODE_SIGN_ENTITLEMENTS = Reversii/Reversii.entitlements;
				CODE_SIGN_STYLE = Automatic;
				CURRENT_PROJECT_VERSION = 1;
				DEVELOPMENT_ASSET_PATHS = "\"Reversii/Preview Content\"";
				DEVELOPMENT_TEAM = P9CN793KDK;
				ENABLE_PREVIEWS = YES;
				GENERATE_INFOPLIST_FILE = YES;
				INFOPLIST_KEY_UIApplicationSceneManifest_Generation = YES;
				INFOPLIST_KEY_UIApplicationSupportsIndirectInputEvents = YES;
				INFOPLIST_KEY_UILaunchScreen_Generation = YES;
				INFOPLIST_KEY_UIRequiredDeviceCapabilities = gamekit;
				INFOPLIST_KEY_UISupportedInterfaceOrientations = UIInterfaceOrientationPortrait;
				INFOPLIST_KEY_UISupportedInterfaceOrientations_iPad = "UIInterfaceOrientationPortrait UIInterfaceOrientationPortraitUpsideDown UIInterfaceOrientationLandscapeLeft UIInterfaceOrientationLandscapeRight";
				INFOPLIST_KEY_UISupportedInterfaceOrientations_iPhone = "UIInterfaceOrientationPortrait UIInterfaceOrientationLandscapeLeft UIInterfaceOrientationLandscapeRight";
				IPHONEOS_DEPLOYMENT_TARGET = 14.0;
				LD_RUNPATH_SEARCH_PATHS = (
					"$(inherited)",
					"@executable_path/Frameworks",
				);
				MARKETING_VERSION = 0.1.0;
				PRODUCT_BUNDLE_IDENTIFIER = MNW.Reversii;
				PRODUCT_NAME = "$(TARGET_NAME)";
				SWIFT_EMIT_LOC_STRINGS = YES;
				SWIFT_VERSION = 5.0;
				TARGETED_DEVICE_FAMILY = 1;
			};
			name = Debug;
		};
		5F0474C42705C05E00BFB805 /* Release */ = {
			isa = XCBuildConfiguration;
			buildSettings = {
				ASSETCATALOG_COMPILER_APPICON_NAME = AppIcon;
				ASSETCATALOG_COMPILER_GLOBAL_ACCENT_COLOR_NAME = AccentColor;
				ASSETCATALOG_COMPILER_INCLUDE_ALL_APPICON_ASSETS = YES;
				CODE_SIGN_ENTITLEMENTS = Reversii/Reversii.entitlements;
				CODE_SIGN_STYLE = Automatic;
				CURRENT_PROJECT_VERSION = 1;
				DEVELOPMENT_ASSET_PATHS = "\"Reversii/Preview Content\"";
				DEVELOPMENT_TEAM = P9CN793KDK;
				ENABLE_PREVIEWS = YES;
				GENERATE_INFOPLIST_FILE = YES;
				INFOPLIST_KEY_UIApplicationSceneManifest_Generation = YES;
				INFOPLIST_KEY_UIApplicationSupportsIndirectInputEvents = YES;
				INFOPLIST_KEY_UILaunchScreen_Generation = YES;
				INFOPLIST_KEY_UIRequiredDeviceCapabilities = gamekit;
				INFOPLIST_KEY_UISupportedInterfaceOrientations = UIInterfaceOrientationPortrait;
				INFOPLIST_KEY_UISupportedInterfaceOrientations_iPad = "UIInterfaceOrientationPortrait UIInterfaceOrientationPortraitUpsideDown UIInterfaceOrientationLandscapeLeft UIInterfaceOrientationLandscapeRight";
				INFOPLIST_KEY_UISupportedInterfaceOrientations_iPhone = "UIInterfaceOrientationPortrait UIInterfaceOrientationLandscapeLeft UIInterfaceOrientationLandscapeRight";
				IPHONEOS_DEPLOYMENT_TARGET = 14.0;
				LD_RUNPATH_SEARCH_PATHS = (
					"$(inherited)",
					"@executable_path/Frameworks",
				);
				MARKETING_VERSION = 0.1.0;
				PRODUCT_BUNDLE_IDENTIFIER = MNW.Reversii;
				PRODUCT_NAME = "$(TARGET_NAME)";
				SWIFT_EMIT_LOC_STRINGS = YES;
				SWIFT_VERSION = 5.0;
				TARGETED_DEVICE_FAMILY = 1;
			};
			name = Release;
		};
		5F0474C62705C05E00BFB805 /* Debug */ = {
			isa = XCBuildConfiguration;
			buildSettings = {
				ALWAYS_EMBED_SWIFT_STANDARD_LIBRARIES = YES;
				BUNDLE_LOADER = "$(TEST_HOST)";
				CODE_SIGN_STYLE = Automatic;
				CURRENT_PROJECT_VERSION = 1;
				DEVELOPMENT_TEAM = P9CN793KDK;
				GENERATE_INFOPLIST_FILE = YES;
				IPHONEOS_DEPLOYMENT_TARGET = 14.0;
				LD_RUNPATH_SEARCH_PATHS = (
					"$(inherited)",
					"@executable_path/Frameworks",
					"@loader_path/Frameworks",
				);
				MARKETING_VERSION = 1.0;
				PRODUCT_BUNDLE_IDENTIFIER = MNW.ReversiiTests;
				PRODUCT_NAME = "$(TARGET_NAME)";
				SWIFT_EMIT_LOC_STRINGS = NO;
				SWIFT_VERSION = 5.0;
				TARGETED_DEVICE_FAMILY = "1,2";
				TEST_HOST = "$(BUILT_PRODUCTS_DIR)/Reversii.app/Reversii";
			};
			name = Debug;
		};
		5F0474C72705C05E00BFB805 /* Release */ = {
			isa = XCBuildConfiguration;
			buildSettings = {
				ALWAYS_EMBED_SWIFT_STANDARD_LIBRARIES = YES;
				BUNDLE_LOADER = "$(TEST_HOST)";
				CODE_SIGN_STYLE = Automatic;
				CURRENT_PROJECT_VERSION = 1;
				DEVELOPMENT_TEAM = P9CN793KDK;
				GENERATE_INFOPLIST_FILE = YES;
				IPHONEOS_DEPLOYMENT_TARGET = 14.0;
				LD_RUNPATH_SEARCH_PATHS = (
					"$(inherited)",
					"@executable_path/Frameworks",
					"@loader_path/Frameworks",
				);
				MARKETING_VERSION = 1.0;
				PRODUCT_BUNDLE_IDENTIFIER = MNW.ReversiiTests;
				PRODUCT_NAME = "$(TARGET_NAME)";
				SWIFT_EMIT_LOC_STRINGS = NO;
				SWIFT_VERSION = 5.0;
				TARGETED_DEVICE_FAMILY = "1,2";
				TEST_HOST = "$(BUILT_PRODUCTS_DIR)/Reversii.app/Reversii";
			};
			name = Release;
		};
		5F0474C92705C05E00BFB805 /* Debug */ = {
			isa = XCBuildConfiguration;
			buildSettings = {
				ALWAYS_EMBED_SWIFT_STANDARD_LIBRARIES = YES;
				CODE_SIGN_STYLE = Automatic;
				CURRENT_PROJECT_VERSION = 1;
				DEVELOPMENT_TEAM = P9CN793KDK;
				GENERATE_INFOPLIST_FILE = YES;
				LD_RUNPATH_SEARCH_PATHS = (
					"$(inherited)",
					"@executable_path/Frameworks",
					"@loader_path/Frameworks",
				);
				MARKETING_VERSION = 1.0;
				PRODUCT_BUNDLE_IDENTIFIER = MNW.ReversiiUITests;
				PRODUCT_NAME = "$(TARGET_NAME)";
				SWIFT_EMIT_LOC_STRINGS = NO;
				SWIFT_VERSION = 5.0;
				TARGETED_DEVICE_FAMILY = "1,2";
				TEST_TARGET_NAME = Reversii;
			};
			name = Debug;
		};
		5F0474CA2705C05E00BFB805 /* Release */ = {
			isa = XCBuildConfiguration;
			buildSettings = {
				ALWAYS_EMBED_SWIFT_STANDARD_LIBRARIES = YES;
				CODE_SIGN_STYLE = Automatic;
				CURRENT_PROJECT_VERSION = 1;
				DEVELOPMENT_TEAM = P9CN793KDK;
				GENERATE_INFOPLIST_FILE = YES;
				LD_RUNPATH_SEARCH_PATHS = (
					"$(inherited)",
					"@executable_path/Frameworks",
					"@loader_path/Frameworks",
				);
				MARKETING_VERSION = 1.0;
				PRODUCT_BUNDLE_IDENTIFIER = MNW.ReversiiUITests;
				PRODUCT_NAME = "$(TARGET_NAME)";
				SWIFT_EMIT_LOC_STRINGS = NO;
				SWIFT_VERSION = 5.0;
				TARGETED_DEVICE_FAMILY = "1,2";
				TEST_TARGET_NAME = Reversii;
			};
			name = Release;
		};
/* End XCBuildConfiguration section */

/* Begin XCConfigurationList section */
		5F0474992705C05E00BFB805 /* Build configuration list for PBXProject "Reversii" */ = {
			isa = XCConfigurationList;
			buildConfigurations = (
				5F0474C02705C05E00BFB805 /* Debug */,
				5F0474C12705C05E00BFB805 /* Release */,
			);
			defaultConfigurationIsVisible = 0;
			defaultConfigurationName = Release;
		};
		5F0474C22705C05E00BFB805 /* Build configuration list for PBXNativeTarget "Reversii" */ = {
			isa = XCConfigurationList;
			buildConfigurations = (
				5F0474C32705C05E00BFB805 /* Debug */,
				5F0474C42705C05E00BFB805 /* Release */,
			);
			defaultConfigurationIsVisible = 0;
			defaultConfigurationName = Release;
		};
		5F0474C52705C05E00BFB805 /* Build configuration list for PBXNativeTarget "ReversiiTests" */ = {
			isa = XCConfigurationList;
			buildConfigurations = (
				5F0474C62705C05E00BFB805 /* Debug */,
				5F0474C72705C05E00BFB805 /* Release */,
			);
			defaultConfigurationIsVisible = 0;
			defaultConfigurationName = Release;
		};
		5F0474C82705C05E00BFB805 /* Build configuration list for PBXNativeTarget "ReversiiUITests" */ = {
			isa = XCConfigurationList;
			buildConfigurations = (
				5F0474C92705C05E00BFB805 /* Debug */,
				5F0474CA2705C05E00BFB805 /* Release */,
			);
			defaultConfigurationIsVisible = 0;
			defaultConfigurationName = Release;
		};
/* End XCConfigurationList section */
	};
	rootObject = 5F0474962705C05E00BFB805 /* Project object */;
}
